
Microsoft Visual Studio Solution File, Format Version 12.00
# Visual Studio 2012
Project("{CC5FD16D-436D-48AD-A40C-5A424C6E3E79}") = "compiler", "compiler\compiler.ccproj", "{64D17D68-2DBB-47CE-9732-6CA3CDA46B4A}"
EndProject
Project("{FAE04EC0-301F-11D3-BF4B-00C04F79EFBC}") = "frontend", "frontend\frontend.csproj", "{72E238BC-004E-4578-90D8-381658753836}"
EndProject
Project("{FAE04EC0-301F-11D3-BF4B-00C04F79EFBC}") = "compiler-worker", "compiler-worker\compiler-worker.csproj", "{15B3E0D2-6217-493A-A690-158C497F5318}"
EndProject
Project("{FAE04EC0-301F-11D3-BF4B-00C04F79EFBC}") = "compiler-runner", "compiler-runner\compiler-runner.csproj", "{D5C5D11D-B35B-442D-AE67-C71A50924E0E}"
EndProject
Project("{2150E333-8FDC-42A3-9474-1A3956D46DE8}") = ".nuget", ".nuget", "{19D55905-F50C-4C57-8187-E5193E981225}"
	ProjectSection(SolutionItems) = preProject
		.nuget\NuGet.Config = .nuget\NuGet.Config
		.nuget\NuGet.exe = .nuget\NuGet.exe
		.nuget\NuGet.targets = .nuget\NuGet.targets
	EndProjectSection
EndProject
Project("{2150E333-8FDC-42A3-9474-1A3956D46DE8}") = "Solution Items", "Solution Items", "{46C4A097-75CE-4B14-AC6F-6DBADED1BD58}"
	ProjectSection(SolutionItems) = preProject
		README.md = README.md
	EndProjectSection
EndProject
Global
	GlobalSection(SolutionConfigurationPlatforms) = preSolution
		Debug|Any CPU = Debug|Any CPU
		Release|Any CPU = Release|Any CPU
	EndGlobalSection
	GlobalSection(ProjectConfigurationPlatforms) = postSolution
		{64D17D68-2DBB-47CE-9732-6CA3CDA46B4A}.Debug|Any CPU.ActiveCfg = Debug|Any CPU
		{64D17D68-2DBB-47CE-9732-6CA3CDA46B4A}.Debug|Any CPU.Build.0 = Debug|Any CPU
		{64D17D68-2DBB-47CE-9732-6CA3CDA46B4A}.Release|Any CPU.ActiveCfg = Release|Any CPU
		{64D17D68-2DBB-47CE-9732-6CA3CDA46B4A}.Release|Any CPU.Build.0 = Release|Any CPU
		{72E238BC-004E-4578-90D8-381658753836}.Debug|Any CPU.ActiveCfg = Debug|Any CPU
		{72E238BC-004E-4578-90D8-381658753836}.Debug|Any CPU.Build.0 = Debug|Any CPU
		{72E238BC-004E-4578-90D8-381658753836}.Release|Any CPU.ActiveCfg = Release|Any CPU
		{72E238BC-004E-4578-90D8-381658753836}.Release|Any CPU.Build.0 = Release|Any CPU
		{15B3E0D2-6217-493A-A690-158C497F5318}.Debug|Any CPU.ActiveCfg = Debug|Any CPU
		{15B3E0D2-6217-493A-A690-158C497F5318}.Debug|Any CPU.Build.0 = Debug|Any CPU
		{15B3E0D2-6217-493A-A690-158C497F5318}.Release|Any CPU.ActiveCfg = Release|Any CPU
		{15B3E0D2-6217-493A-A690-158C497F5318}.Release|Any CPU.Build.0 = Release|Any CPU
		{D5C5D11D-B35B-442D-AE67-C71A50924E0E}.Debug|Any CPU.ActiveCfg = Debug|Any CPU
		{D5C5D11D-B35B-442D-AE67-C71A50924E0E}.Debug|Any CPU.Build.0 = Debug|Any CPU
		{D5C5D11D-B35B-442D-AE67-C71A50924E0E}.Release|Any CPU.ActiveCfg = Release|Any CPU
		{D5C5D11D-B35B-442D-AE67-C71A50924E0E}.Release|Any CPU.Build.0 = Release|Any CPU
	EndGlobalSection
	GlobalSection(SolutionProperties) = preSolution
		HideSolutionNode = FALSE
	EndGlobalSection
EndGlobal
